<?xml version="1.0" encoding="utf-8"?>
<Project ToolsVersion="4.0" xmlns="http://schemas.microsoft.com/developer/msbuild/2003">
  <ItemGroup>
    <Filter Include="Source Files">
      <UniqueIdentifier>{4FC737F1-C7A5-4376-A066-2A32D752A2FF}</UniqueIdentifier>
      <Extensions>cpp;c;cc;cxx;def;odl;idl;hpj;bat;asm;asmx</Extensions>
    </Filter>
    <Filter Include="Header Files">
      <UniqueIdentifier>{93995380-89BD-4b04-88EB-625FBE52EBFB}</UniqueIdentifier>
      <Extensions>h;hpp;hxx;hm;inl;inc;xsd</Extensions>
    </Filter>
    <Filter Include="Resource Files">
      <UniqueIdentifier>{67DA6AB6-F800-4c08-8B7A-83BB121AAD01}</UniqueIdentifier>
      <Extensions>rc;ico;cur;bmp;dlg;rc2;rct;bin;rgs;gif;jpg;jpeg;jpe;resx;tiff;tif;png;wav</Extensions>
    </Filter>
    <Filter Include="Shaders">
      <UniqueIdentifier>{b64b5a6e-eef2-40c5-9b96-927cc268dc53}</UniqueIdentifier>
    </Filter>
    <Filter Include="Blocks">
      <UniqueIdentifier>{4264e91c-8ed7-49a8-8c59-111735b0d733}</UniqueIdentifier>
    </Filter>
    <Filter Include="Shaders\Fluid">
      <UniqueIdentifier>{aeaa4c5c-d372-4014-8be3-d02cfe7873a3}</UniqueIdentifier>
    </Filter>
    <Filter Include="Shaders\Feedback">
      <UniqueIdentifier>{8c6fa29d-2bb8-4269-94e0-456cf424d51d}</UniqueIdentifier>
    </Filter>
    <Filter Include="Assets">
      <UniqueIdentifier>{32273f0f-b79e-4b13-8f26-efc256fdeed9}</UniqueIdentifier>
    </Filter>
  </ItemGroup>
  <ItemGroup>
    <ClCompile Include="..\src\AVSynApp.cpp">
      <Filter>Source Files</Filter>
    </ClCompile>
    <ClCompile Include="..\src\AVSynApp.cpp">
      <Filter>Source Files</Filter>
    </ClCompile>
    <ClInclude Include="..\include\Resources.h">
      <Filter>Header Files</Filter>
    </ClInclude>
    <ClCompile Include="..\src\ShaderVisualization.cpp">
      <Filter>Source Files</Filter>
    </ClCompile>
    <ClCompile Include="..\src\AudioSource.cpp">
      <Filter>Source Files</Filter>
    </ClCompile>
    <ClCompile Include="..\src\DotsVisualization.cpp">
      <Filter>Source Files</Filter>
    </ClCompile>
    <ClCompile Include="..\src\AudioShaderVisualization.cpp">
      <Filter>Source Files</Filter>
    </ClCompile>
    <ClCompile Include="..\src\EQPointCloud.cpp">
      <Filter>Source Files</Filter>
    </ClCompile>
    <ClCompile Include="..\src\FlockingVisualization.cpp">
      <Filter>Source Files</Filter>
    </ClCompile>
    <ClCompile Include="..\src\DeltaSource.cpp">
      <Filter>Source Files</Filter>
    </ClCompile>
    <ClCompile Include="..\src\BeatDetector.cpp">
      <Filter>Source Files</Filter>
    </ClCompile>
    <ClCompile Include="..\src\Visualization.cpp">
      <Filter>Source Files</Filter>
    </ClCompile>
    <ClCompile Include="..\src\TreeVisualization.cpp">
      <Filter>Source Files</Filter>
    </ClCompile>
    <ClCompile Include="..\src\PingPongFBO.cpp">
      <Filter>Source Files</Filter>
    </ClCompile>
    <ClCompile Include="..\src\Mix.cpp">
      <Filter>Source Files</Filter>
    </ClCompile>
    <ClCompile Include="..\src\Feedback.cpp">
      <Filter>Source Files</Filter>
    </ClCompile>
    <ClCompile Include="..\src\Video.cpp">
      <Filter>Source Files</Filter>
    </ClCompile>
    <ClCompile Include="..\src\Lights.cpp">
      <Filter>Source Files</Filter>
    </ClCompile>
    <ClCompile Include="..\src\ChoiceVisualization.cpp">
      <Filter>Source Files</Filter>
    </ClCompile>
    <ClCompile Include="..\src\BlankVisualization.cpp">
      <Filter>Source Files</Filter>
    </ClCompile>
    <ClCompile Include="..\src\FadeTransition.cpp">
      <Filter>Source Files</Filter>
    </ClCompile>
    <ClCompile Include="..\src\FluidVisualizer.cpp">
      <Filter>Source Files</Filter>
    </ClCompile>
    <ClCompile Include="..\src\Fluid.cpp">
      <Filter>Source Files</Filter>
    </ClCompile>
  </ItemGroup>
  <ItemGroup>
    <ClInclude Include="..\include\Resources.h">
      <Filter>Header Files</Filter>
    </ClInclude>
    <ClInclude Include="..\src\ShaderVisualization.h">
      <Filter>Header Files</Filter>
    </ClInclude>
    <ClInclude Include="..\src\AudioSource.h">
      <Filter>Header Files</Filter>
    </ClInclude>
    <ClInclude Include="..\src\Visualization.h">
      <Filter>Header Files</Filter>
    </ClInclude>
    <ClInclude Include="..\src\DotsVisualization.h">
      <Filter>Header Files</Filter>
    </ClInclude>
    <ClInclude Include="..\src\AudioShaderVisualization.h">
      <Filter>Header Files</Filter>
    </ClInclude>
    <ClInclude Include="..\src\EQPointCloud.h">
      <Filter>Header Files</Filter>
    </ClInclude>
    <ClInclude Include="..\src\FlockingVisualization.h">
      <Filter>Header Files</Filter>
    </ClInclude>
    <ClInclude Include="..\src\DeltaSource.h">
      <Filter>Header Files</Filter>
    </ClInclude>
    <ClInclude Include="..\src\BeatDetector.h">
      <Filter>Header Files</Filter>
    </ClInclude>
    <ClInclude Include="..\src\TreeVisualization.h">
      <Filter>Header Files</Filter>
    </ClInclude>
    <ClInclude Include="..\src\PingPongFBO.h">
      <Filter>Header Files</Filter>
    </ClInclude>
    <ClInclude Include="..\src\Mix.h">
      <Filter>Header Files</Filter>
    </ClInclude>
    <ClInclude Include="..\src\Feedback.h">
      <Filter>Header Files</Filter>
    </ClInclude>
    <ClInclude Include="..\src\Video.h">
      <Filter>Header Files</Filter>
    </ClInclude>
    <ClInclude Include="..\src\Lights.h">
      <Filter>Header Files</Filter>
    </ClInclude>
    <ClInclude Include="..\src\ChoiceVisualization.h">
      <Filter>Header Files</Filter>
    </ClInclude>
    <ClInclude Include="..\src\World.h">
      <Filter>Header Files</Filter>
    </ClInclude>
    <ClInclude Include="..\src\BlankVisualization.h">
      <Filter>Header Files</Filter>
    </ClInclude>
    <ClInclude Include="..\src\FadeTransition.h">
      <Filter>Header Files</Filter>
    </ClInclude>
    <ClInclude Include="..\src\FluidVisualizer.h">
      <Filter>Header Files</Filter>
    </ClInclude>
    <ClInclude Include="..\src\Fluid.h">
      <Filter>Header Files</Filter>
    </ClInclude>
  </ItemGroup>
  <ItemGroup>
    <ResourceCompile Include="Resources.rc">
      <Filter>Resource Files</Filter>
    </ResourceCompile>
  </ItemGroup>
  <ItemGroup>
    <None Include="..\assets\passthru.vert">
      <Filter>Shaders</Filter>
    </None>
    <None Include="..\assets\simple.frag">
      <Filter>Shaders</Filter>
    </None>
    <None Include="..\assets\circular_fft.frag">
      <Filter>Shaders</Filter>
    </None>
    <None Include="..\assets\dots.frag">
      <Filter>Shaders</Filter>
    </None>
    <None Include="..\assets\eq_pointcloud.vert">
      <Filter>Shaders</Filter>
    </None>
    <None Include="..\assets\color.frag">
      <Filter>Shaders</Filter>
    </None>
    <None Include="..\assets\velocity.frag">
      <Filter>Shaders</Filter>
    </None>
    <None Include="..\assets\point_circle.frag">
      <Filter>Shaders</Filter>
    </None>
    <None Include="..\assets\flocking.vert">
      <Filter>Shaders</Filter>
    </None>
    <None Include="..\assets\flocking_update.vert">
      <Filter>Shaders</Filter>
    </None>
    <None Include="..\assets\kick_image.vert">
      <Filter>Shaders</Filter>
    </None>
    <None Include="..\assets\fluid_update.vert" />
    <None Include="..\assets\render.frag" />
    <None Include="..\assets\render.vert" />
    <None Include="..\assets\fluid\solve_pressure.frag">
      <Filter>Shaders\Fluid</Filter>
    </None>
    <None Include="..\assets\fluid\subtract_pressure.frag">
      <Filter>Shaders\Fluid</Filter>
    </None>
    <None Include="..\assets\fluid\velocity_divergence.frag">
      <Filter>Shaders\Fluid</Filter>
    </None>
    <None Include="..\assets\fluid\advect.frag">
      <Filter>Shaders\Fluid</Filter>
    </None>
    <None Include="..\assets\fluid\apply_force.frag">
      <Filter>Shaders\Fluid</Filter>
    </None>
    <None Include="..\assets\fluid\smoke_drop.frag">
      <Filter>Shaders\Fluid</Filter>
    </None>
    <None Include="..\assets\fluid\smoke_drop_forces.frag">
      <Filter>Shaders\Fluid</Filter>
    </None>
    <None Include="..\assets\fluid\advect_maccormack.frag">
      <Filter>Shaders\Fluid</Filter>
    </None>
    <None Include="..\README.md" />
    <None Include="..\assets\mix.frag">
      <Filter>Shaders</Filter>
    </None>
    <None Include="..\assets\texture.frag">
      <Filter>Shaders</Filter>
    </None>
    <None Include="..\assets\feedback\buffer.frag">
      <Filter>Shaders\Feedback</Filter>
    </None>
    <None Include="..\assets\feedback\rotate.frag">
      <Filter>Shaders\Feedback</Filter>
    </None>
    <None Include="..\assets\fluid\smoke_draw.frag">
      <Filter>Shaders\Fluid</Filter>
    </None>
    <None Include="..\assets\fluid\explosions.frag">
      <Filter>Shaders\Fluid</Filter>
    </None>
    <None Include="..\assets\feedback.frag">
      <Filter>Shaders</Filter>
    </None>
    <None Include="..\assets\circle.frag">
      <Filter>Shaders</Filter>
    </None>
  </ItemGroup>
  <ItemGroup>
    <Media Include="..\assets\Wheat Field.mov">
      <Filter>Assets</Filter>
    </Media>
  </ItemGroup>
</Project>